Microsoft Visual Studio Solution File, Format Version 12.00
# Visual Studio Version 17
VisualStudioVersion = 17.10.35027.167
MinimumVisualStudioVersion = 10.0.40219.1
Project("{FAE04EC0-301F-11D3-BF4B-00C04F79EFBC}") = "AspireApp1.AppHost", "AspireApp1.AppHost\AspireApp1.AppHost.csproj", "{0AE5CA47-343C-4A79-B4C1-8EA9C2AD433A}"
EndProject
Project("{9A19103F-16F7-4668-BE54-9A1E7A4F7556}") = "AspireApp1.ServiceDefaults", "AspireApp1.ServiceDefaults\AspireApp1.ServiceDefaults.csproj", "{C9FF1AC9-E892-4090-BE0F-BD28DBA73681}"
EndProject
Global
	GlobalSection(SolutionConfigurationPlatforms) = preSolution
		Debug|Any CPU = Debug|Any CPU
		Release|Any CPU = Release|Any CPU
	EndGlobalSection
	GlobalSection(ProjectConfigurationPlatforms) = postSolution
		{0AE5CA47-343C-4A79-B4C1-8EA9C2AD433A}.Debug|Any CPU.ActiveCfg = Debug|Any CPU
		{0AE5CA47-343C-4A79-B4C1-8EA9C2AD433A}.Debug|Any CPU.Build.0 = Debug|Any CPU
		{0AE5CA47-343C-4A79-B4C1-8EA9C2AD433A}.Release|Any CPU.ActiveCfg = Release|Any CPU
		{0AE5CA47-343C-4A79-B4C1-8EA9C2AD433A}.Release|Any CPU.Build.0 = Release|Any CPU
		{C9FF1AC9-E892-4090-BE0F-BD28DBA73681}.Debug|Any CPU.ActiveCfg = Debug|Any CPU
		{C9FF1AC9-E892-4090-BE0F-BD28DBA73681}.Debug|Any CPU.Build.0 = Debug|Any CPU
		{C9FF1AC9-E892-4090-BE0F-BD28DBA73681}.Release|Any CPU.ActiveCfg = Release|Any CPU
		{C9FF1AC9-E892-4090-BE0F-BD28DBA73681}.Release|Any CPU.Build.0 = Release|Any CPU
	EndGlobalSection
	GlobalSection(SolutionProperties) = preSolution
		HideSolutionNode = FALSE
	EndGlobalSection
	GlobalSection(ExtensibilityGlobals) = postSolution
		SolutionGuid = {7D6F087E-34B3-469E-BEAA-9D4EE4EFCF50}
	EndGlobalSection
EndGlobal
